PODS:
  - AWSAuthCore (2.9.3):
    - AWSCore (= 2.9.3)
  - AWSAuthUI (2.9.3):
    - AWSAuthCore (= 2.9.3)
    - AWSCore (= 2.9.3)
  - AWSCognitoIdentityProvider (2.9.3):
    - AWSCognitoIdentityProviderASF (= 1.0.1)
    - AWSCore (= 2.9.3)
  - AWSCognitoIdentityProviderASF (1.0.1)
  - AWSCore (2.9.3)
  - AWSIoT (2.9.3):
    - AWSCore (= 2.9.3)
  - AWSPinpoint (2.9.3):
    - AWSCore (= 2.9.3)
  - AWSSNS (2.9.3):
    - AWSCore (= 2.9.3)
  - AWSUserPoolsSignIn (2.9.3):
    - AWSAuthCore (= 2.9.3)
    - AWSCognitoIdentityProvider (= 2.9.3)
  - Masonry (1.1.0)

DEPENDENCIES:
  - AWSAuthCore
  - AWSAuthUI
  - AWSIoT
  - AWSPinpoint
  - AWSSNS
  - AWSUserPoolsSignIn
  - Masonry

SPEC REPOS:
  https://github.com/cocoapods/specs.git:
    - AWSAuthCore
    - AWSAuthUI
    - AWSCognitoIdentityProvider
    - AWSCognitoIdentityProviderASF
    - AWSCore
    - AWSIoT
    - AWSPinpoint
    - AWSSNS
    - AWSUserPoolsSignIn
    - Masonry

SPEC CHECKSUMS:
  AWSAuthCore: 616e8c65607d7d4b29a1320e62fe2c6586f2f396
  AWSAuthUI: 268b85517ea5b0ed1a8898b572f31af012b4cac5
  AWSCognitoIdentityProvider: 827e8d7ec506dd09ed4f72afe7be587a6dd85af5
  AWSCognitoIdentityProviderASF: f94f1a502e72ef3d0a1de93e10bf7a79c8698118
  AWSCore: 5cbb6c6ccfad4b55e494c2e8df87781512f7881e
  AWSIoT: d7debf750a8f485a9e93177fda7a345a9121053b
  AWSPinpoint: a8f3b032049e4e25e338ffe4707b6519a46c64aa
  AWSSNS: 57f5da30ff32e151afcea1f7772a19a45bf4f544
  AWSUserPoolsSignIn: 2402bd83d3cd32af1440671ec7919f07cdacd59c
  Masonry: 678fab65091a9290e40e2832a55e7ab731aad201

PODFILE CHECKSUM: bb0b2db5fd8f7ccc5eec27def94ad455f564ab30

COCOAPODS: 1.5.3
